
Microsoft Visual Studio Solution File, Format Version 12.00
# Visual Studio 15
VisualStudioVersion = 15.0.28307.329
MinimumVisualStudioVersion = 10.0.40219.1
Project("{FAE04EC0-301F-11D3-BF4B-00C04F79EFBC}") = "LarkoCalcule.Android", "LarkoCalcule\LarkoCalcule.Android\LarkoCalcule.Android.csproj", "{44658FB6-54CF-4B2B-95B9-E57E46BAD2C1}"
EndProject
Project("{FAE04EC0-301F-11D3-BF4B-00C04F79EFBC}") = "LarkoCalcule.iOS", "LarkoCalcule\LarkoCalcule.iOS\LarkoCalcule.iOS.csproj", "{CED4F279-B7F5-4218-91B1-0D838A834938}"
EndProject
Project("{FAE04EC0-301F-11D3-BF4B-00C04F79EFBC}") = "LarkoCalcule.UWP", "LarkoCalcule\LarkoCalcule.UWP\LarkoCalcule.UWP.csproj", "{C1034B91-7B15-48B3-8533-563300D0AA3D}"
EndProject
Project("{FAE04EC0-301F-11D3-BF4B-00C04F79EFBC}") = "LarkoCalcule", "LarkoCalcule\LarkoCalcule\LarkoCalcule.csproj", "{FD34CA4E-5ED5-4770-9D5C-650F4FD62EC6}"
EndProject
Global
	GlobalSection(SolutionConfigurationPlatforms) = preSolution
		Ad-Hoc|Any CPU = Ad-Hoc|Any CPU
		Ad-Hoc|ARM = Ad-Hoc|ARM
		Ad-Hoc|iPhone = Ad-Hoc|iPhone
		Ad-Hoc|iPhoneSimulator = Ad-Hoc|iPhoneSimulator
		Ad-Hoc|x64 = Ad-Hoc|x64
		Ad-Hoc|x86 = Ad-Hoc|x86
		AppStore|Any CPU = AppStore|Any CPU
		AppStore|ARM = AppStore|ARM
		AppStore|iPhone = AppStore|iPhone
		AppStore|iPhoneSimulator = AppStore|iPhoneSimulator
		AppStore|x64 = AppStore|x64
		AppStore|x86 = AppStore|x86
		Debug|Any CPU = Debug|Any CPU
		Debug|ARM = Debug|ARM
		Debug|iPhone = Debug|iPhone
		Debug|iPhoneSimulator = Debug|iPhoneSimulator
		Debug|x64 = Debug|x64
		Debug|x86 = Debug|x86
		Release|Any CPU = Release|Any CPU
		Release|ARM = Release|ARM
		Release|iPhone = Release|iPhone
		Release|iPhoneSimulator = Release|iPhoneSimulator
		Release|x64 = Release|x64
		Release|x86 = Release|x86
	EndGlobalSection
	GlobalSection(ProjectConfigurationPlatforms) = postSolution
		{44658FB6-54CF-4B2B-95B9-E57E46BAD2C1}.Ad-Hoc|Any CPU.ActiveCfg = Release|Any CPU
		{44658FB6-54CF-4B2B-95B9-E57E46BAD2C1}.Ad-Hoc|Any CPU.Build.0 = Release|Any CPU
		{44658FB6-54CF-4B2B-95B9-E57E46BAD2C1}.Ad-Hoc|Any CPU.Deploy.0 = Release|Any CPU
		{44658FB6-54CF-4B2B-95B9-E57E46BAD2C1}.Ad-Hoc|ARM.ActiveCfg = Release|Any CPU
		{44658FB6-54CF-4B2B-95B9-E57E46BAD2C1}.Ad-Hoc|ARM.Build.0 = Release|Any CPU
		{44658FB6-54CF-4B2B-95B9-E57E46BAD2C1}.Ad-Hoc|ARM.Deploy.0 = Release|Any CPU
		{44658FB6-54CF-4B2B-95B9-E57E46BAD2C1}.Ad-Hoc|iPhone.ActiveCfg = Release|Any CPU
		{44658FB6-54CF-4B2B-95B9-E57E46BAD2C1}.Ad-Hoc|iPhone.Build.0 = Release|Any CPU
		{44658FB6-54CF-4B2B-95B9-E57E46BAD2C1}.Ad-Hoc|iPhone.Deploy.0 = Release|Any CPU
		{44658FB6-54CF-4B2B-95B9-E57E46BAD2C1}.Ad-Hoc|iPhoneSimulator.ActiveCfg = Release|Any CPU
		{44658FB6-54CF-4B2B-95B9-E57E46BAD2C1}.Ad-Hoc|iPhoneSimulator.Build.0 = Release|Any CPU
		{44658FB6-54CF-4B2B-95B9-E57E46BAD2C1}.Ad-Hoc|iPhoneSimulator.Deploy.0 = Release|Any CPU
		{44658FB6-54CF-4B2B-95B9-E57E46BAD2C1}.Ad-Hoc|x64.ActiveCfg = Release|Any CPU
		{44658FB6-54CF-4B2B-95B9-E57E46BAD2C1}.Ad-Hoc|x64.Build.0 = Release|Any CPU
		{44658FB6-54CF-4B2B-95B9-E57E46BAD2C1}.Ad-Hoc|x64.Deploy.0 = Release|Any CPU
		{44658FB6-54CF-4B2B-95B9-E57E46BAD2C1}.Ad-Hoc|x86.ActiveCfg = Release|Any CPU
		{44658FB6-54CF-4B2B-95B9-E57E46BAD2C1}.Ad-Hoc|x86.Build.0 = Release|Any CPU
		{44658FB6-54CF-4B2B-95B9-E57E46BAD2C1}.Ad-Hoc|x86.Deploy.0 = Release|Any CPU
		{44658FB6-54CF-4B2B-95B9-E57E46BAD2C1}.AppStore|Any CPU.ActiveCfg = Release|Any CPU
		{44658FB6-54CF-4B2B-95B9-E57E46BAD2C1}.AppStore|Any CPU.Build.0 = Release|Any CPU
		{44658FB6-54CF-4B2B-95B9-E57E46BAD2C1}.AppStore|Any CPU.Deploy.0 = Release|Any CPU
		{44658FB6-54CF-4B2B-95B9-E57E46BAD2C1}.AppStore|ARM.ActiveCfg = Release|Any CPU
		{44658FB6-54CF-4B2B-95B9-E57E46BAD2C1}.AppStore|ARM.Build.0 = Release|Any CPU
		{44658FB6-54CF-4B2B-95B9-E57E46BAD2C1}.AppStore|ARM.Deploy.0 = Release|Any CPU
		{44658FB6-54CF-4B2B-95B9-E57E46BAD2C1}.AppStore|iPhone.ActiveCfg = Release|Any CPU
		{44658FB6-54CF-4B2B-95B9-E57E46BAD2C1}.AppStore|iPhone.Build.0 = Release|Any CPU
		{44658FB6-54CF-4B2B-95B9-E57E46BAD2C1}.AppStore|iPhone.Deploy.0 = Release|Any CPU
		{44658FB6-54CF-4B2B-95B9-E57E46BAD2C1}.AppStore|iPhoneSimulator.ActiveCfg = Release|Any CPU
		{44658FB6-54CF-4B2B-95B9-E57E46BAD2C1}.AppStore|iPhoneSimulator.Build.0 = Release|Any CPU
		{44658FB6-54CF-4B2B-95B9-E57E46BAD2C1}.AppStore|iPhoneSimulator.Deploy.0 = Release|Any CPU
		{44658FB6-54CF-4B2B-95B9-E57E46BAD2C1}.AppStore|x64.ActiveCfg = Release|Any CPU
		{44658FB6-54CF-4B2B-95B9-E57E46BAD2C1}.AppStore|x64.Build.0 = Release|Any CPU
		{44658FB6-54CF-4B2B-95B9-E57E46BAD2C1}.AppStore|x64.Deploy.0 = Release|Any CPU
		{44658FB6-54CF-4B2B-95B9-E57E46BAD2C1}.AppStore|x86.ActiveCfg = Release|Any CPU
		{44658FB6-54CF-4B2B-95B9-E57E46BAD2C1}.AppStore|x86.Build.0 = Release|Any CPU
		{44658FB6-54CF-4B2B-95B9-E57E46BAD2C1}.AppStore|x86.Deploy.0 = Release|Any CPU
		{44658FB6-54CF-4B2B-95B9-E57E46BAD2C1}.Debug|Any CPU.ActiveCfg = Debug|Any CPU
		{44658FB6-54CF-4B2B-95B9-E57E46BAD2C1}.Debug|Any CPU.Build.0 = Debug|Any CPU
		{44658FB6-54CF-4B2B-95B9-E57E46BAD2C1}.Debug|Any CPU.Deploy.0 = Debug|Any CPU
		{44658FB6-54CF-4B2B-95B9-E57E46BAD2C1}.Debug|ARM.ActiveCfg = Debug|Any CPU
		{44658FB6-54CF-4B2B-95B9-E57E46BAD2C1}.Debug|ARM.Build.0 = Debug|Any CPU
		{44658FB6-54CF-4B2B-95B9-E57E46BAD2C1}.Debug|ARM.Deploy.0 = Debug|Any CPU
		{44658FB6-54CF-4B2B-95B9-E57E46BAD2C1}.Debug|iPhone.ActiveCfg = Debug|Any CPU
		{44658FB6-54CF-4B2B-95B9-E57E46BAD2C1}.Debug|iPhone.Build.0 = Debug|Any CPU
		{44658FB6-54CF-4B2B-95B9-E57E46BAD2C1}.Debug|iPhone.Deploy.0 = Debug|Any CPU
		{44658FB6-54CF-4B2B-95B9-E57E46BAD2C1}.Debug|iPhoneSimulator.ActiveCfg = Debug|Any CPU
		{44658FB6-54CF-4B2B-95B9-E57E46BAD2C1}.Debug|iPhoneSimulator.Build.0 = Debug|Any CPU
		{44658FB6-54CF-4B2B-95B9-E57E46BAD2C1}.Debug|iPhoneSimulator.Deploy.0 = Debug|Any CPU
		{44658FB6-54CF-4B2B-95B9-E57E46BAD2C1}.Debug|x64.ActiveCfg = Debug|Any CPU
		{44658FB6-54CF-4B2B-95B9-E57E46BAD2C1}.Debug|x64.Build.0 = Debug|Any CPU
		{44658FB6-54CF-4B2B-95B9-E57E46BAD2C1}.Debug|x64.Deploy.0 = Debug|Any CPU
		{44658FB6-54CF-4B2B-95B9-E57E46BAD2C1}.Debug|x86.ActiveCfg = Debug|Any CPU
		{44658FB6-54CF-4B2B-95B9-E57E46BAD2C1}.Debug|x86.Build.0 = Debug|Any CPU
		{44658FB6-54CF-4B2B-95B9-E57E46BAD2C1}.Debug|x86.Deploy.0 = Debug|Any CPU
		{44658FB6-54CF-4B2B-95B9-E57E46BAD2C1}.Release|Any CPU.ActiveCfg = Release|Any CPU
		{44658FB6-54CF-4B2B-95B9-E57E46BAD2C1}.Release|Any CPU.Build.0 = Release|Any CPU
		{44658FB6-54CF-4B2B-95B9-E57E46BAD2C1}.Release|Any CPU.Deploy.0 = Release|Any CPU
		{44658FB6-54CF-4B2B-95B9-E57E46BAD2C1}.Release|ARM.ActiveCfg = Release|Any CPU
		{44658FB6-54CF-4B2B-95B9-E57E46BAD2C1}.Release|ARM.Build.0 = Release|Any CPU
		{44658FB6-54CF-4B2B-95B9-E57E46BAD2C1}.Release|ARM.Deploy.0 = Release|Any CPU
		{44658FB6-54CF-4B2B-95B9-E57E46BAD2C1}.Release|iPhone.ActiveCfg = Release|Any CPU
		{44658FB6-54CF-4B2B-95B9-E57E46BAD2C1}.Release|iPhone.Build.0 = Release|Any CPU
		{44658FB6-54CF-4B2B-95B9-E57E46BAD2C1}.Release|iPhone.Deploy.0 = Release|Any CPU
		{44658FB6-54CF-4B2B-95B9-E57E46BAD2C1}.Release|iPhoneSimulator.ActiveCfg = Release|Any CPU
		{44658FB6-54CF-4B2B-95B9-E57E46BAD2C1}.Release|iPhoneSimulator.Build.0 = Release|Any CPU
		{44658FB6-54CF-4B2B-95B9-E57E46BAD2C1}.Release|iPhoneSimulator.Deploy.0 = Release|Any CPU
		{44658FB6-54CF-4B2B-95B9-E57E46BAD2C1}.Release|x64.ActiveCfg = Release|Any CPU
		{44658FB6-54CF-4B2B-95B9-E57E46BAD2C1}.Release|x64.Build.0 = Release|Any CPU
		{44658FB6-54CF-4B2B-95B9-E57E46BAD2C1}.Release|x64.Deploy.0 = Release|Any CPU
		{44658FB6-54CF-4B2B-95B9-E57E46BAD2C1}.Release|x86.ActiveCfg = Release|Any CPU
		{44658FB6-54CF-4B2B-95B9-E57E46BAD2C1}.Release|x86.Build.0 = Release|Any CPU
		{44658FB6-54CF-4B2B-95B9-E57E46BAD2C1}.Release|x86.Deploy.0 = Release|Any CPU
		{CED4F279-B7F5-4218-91B1-0D838A834938}.Ad-Hoc|Any CPU.ActiveCfg = Ad-Hoc|iPhone
		{CED4F279-B7F5-4218-91B1-0D838A834938}.Ad-Hoc|Any CPU.Build.0 = Ad-Hoc|iPhone
		{CED4F279-B7F5-4218-91B1-0D838A834938}.Ad-Hoc|Any CPU.Deploy.0 = Ad-Hoc|iPhone
		{CED4F279-B7F5-4218-91B1-0D838A834938}.Ad-Hoc|ARM.ActiveCfg = Ad-Hoc|iPhone
		{CED4F279-B7F5-4218-91B1-0D838A834938}.Ad-Hoc|ARM.Build.0 = Ad-Hoc|iPhone
		{CED4F279-B7F5-4218-91B1-0D838A834938}.Ad-Hoc|ARM.Deploy.0 = Ad-Hoc|iPhone
		{CED4F279-B7F5-4218-91B1-0D838A834938}.Ad-Hoc|iPhone.ActiveCfg = Ad-Hoc|iPhone
		{CED4F279-B7F5-4218-91B1-0D838A834938}.Ad-Hoc|iPhone.Build.0 = Ad-Hoc|iPhone
		{CED4F279-B7F5-4218-91B1-0D838A834938}.Ad-Hoc|iPhone.Deploy.0 = Ad-Hoc|iPhone
		{CED4F279-B7F5-4218-91B1-0D838A834938}.Ad-Hoc|iPhoneSimulator.ActiveCfg = Ad-Hoc|iPhoneSimulator
		{CED4F279-B7F5-4218-91B1-0D838A834938}.Ad-Hoc|iPhoneSimulator.Build.0 = Ad-Hoc|iPhoneSimulator
		{CED4F279-B7F5-4218-91B1-0D838A834938}.Ad-Hoc|iPhoneSimulator.Deploy.0 = Ad-Hoc|iPhoneSimulator
		{CED4F279-B7F5-4218-91B1-0D838A834938}.Ad-Hoc|x64.ActiveCfg = Ad-Hoc|iPhone
		{CED4F279-B7F5-4218-91B1-0D838A834938}.Ad-Hoc|x64.Build.0 = Ad-Hoc|iPhone
		{CED4F279-B7F5-4218-91B1-0D838A834938}.Ad-Hoc|x64.Deploy.0 = Ad-Hoc|iPhone
		{CED4F279-B7F5-4218-91B1-0D838A834938}.Ad-Hoc|x86.ActiveCfg = Ad-Hoc|iPhone
		{CED4F279-B7F5-4218-91B1-0D838A834938}.Ad-Hoc|x86.Build.0 = Ad-Hoc|iPhone
		{CED4F279-B7F5-4218-91B1-0D838A834938}.Ad-Hoc|x86.Deploy.0 = Ad-Hoc|iPhone
		{CED4F279-B7F5-4218-91B1-0D838A834938}.AppStore|Any CPU.ActiveCfg = AppStore|iPhone
		{CED4F279-B7F5-4218-91B1-0D838A834938}.AppStore|Any CPU.Build.0 = AppStore|iPhone
		{CED4F279-B7F5-4218-91B1-0D838A834938}.AppStore|Any CPU.Deploy.0 = AppStore|iPhone
		{CED4F279-B7F5-4218-91B1-0D838A834938}.AppStore|ARM.ActiveCfg = AppStore|iPhone
		{CED4F279-B7F5-4218-91B1-0D838A834938}.AppStore|ARM.Build.0 = AppStore|iPhone
		{CED4F279-B7F5-4218-91B1-0D838A834938}.AppStore|ARM.Deploy.0 = AppStore|iPhone
		{CED4F279-B7F5-4218-91B1-0D838A834938}.AppStore|iPhone.ActiveCfg = AppStore|iPhone
		{CED4F279-B7F5-4218-91B1-0D838A834938}.AppStore|iPhone.Build.0 = AppStore|iPhone
		{CED4F279-B7F5-4218-91B1-0D838A834938}.AppStore|iPhone.Deploy.0 = AppStore|iPhone
		{CED4F279-B7F5-4218-91B1-0D838A834938}.AppStore|iPhoneSimulator.ActiveCfg = AppStore|iPhoneSimulator
		{CED4F279-B7F5-4218-91B1-0D838A834938}.AppStore|iPhoneSimulator.Build.0 = AppStore|iPhoneSimulator
		{CED4F279-B7F5-4218-91B1-0D838A834938}.AppStore|iPhoneSimulator.Deploy.0 = AppStore|iPhoneSimulator
		{CED4F279-B7F5-4218-91B1-0D838A834938}.AppStore|x64.ActiveCfg = AppStore|iPhone
		{CED4F279-B7F5-4218-91B1-0D838A834938}.AppStore|x64.Build.0 = AppStore|iPhone
		{CED4F279-B7F5-4218-91B1-0D838A834938}.AppStore|x64.Deploy.0 = AppStore|iPhone
		{CED4F279-B7F5-4218-91B1-0D838A834938}.AppStore|x86.ActiveCfg = AppStore|iPhone
		{CED4F279-B7F5-4218-91B1-0D838A834938}.AppStore|x86.Build.0 = AppStore|iPhone
		{CED4F279-B7F5-4218-91B1-0D838A834938}.AppStore|x86.Deploy.0 = AppStore|iPhone
		{CED4F279-B7F5-4218-91B1-0D838A834938}.Debug|Any CPU.ActiveCfg = Debug|iPhoneSimulator
		{CED4F279-B7F5-4218-91B1-0D838A834938}.Debug|Any CPU.Build.0 = Debug|iPhoneSimulator
		{CED4F279-B7F5-4218-91B1-0D838A834938}.Debug|Any CPU.Deploy.0 = Debug|iPhoneSimulator
		{CED4F279-B7F5-4218-91B1-0D838A834938}.Debug|ARM.ActiveCfg = Debug|iPhone
		{CED4F279-B7F5-4218-91B1-0D838A834938}.Debug|ARM.Build.0 = Debug|iPhone
		{CED4F279-B7F5-4218-91B1-0D838A834938}.Debug|ARM.Deploy.0 = Debug|iPhone
		{CED4F279-B7F5-4218-91B1-0D838A834938}.Debug|iPhone.ActiveCfg = Debug|iPhone
		{CED4F279-B7F5-4218-91B1-0D838A834938}.Debug|iPhone.Build.0 = Debug|iPhone
		{CED4F279-B7F5-4218-91B1-0D838A834938}.Debug|iPhone.Deploy.0 = Debug|iPhone
		{CED4F279-B7F5-4218-91B1-0D838A834938}.Debug|iPhoneSimulator.ActiveCfg = Debug|iPhoneSimulator
		{CED4F279-B7F5-4218-91B1-0D838A834938}.Debug|iPhoneSimulator.Build.0 = Debug|iPhoneSimulator
		{CED4F279-B7F5-4218-91B1-0D838A834938}.Debug|iPhoneSimulator.Deploy.0 = Debug|iPhoneSimulator
		{CED4F279-B7F5-4218-91B1-0D838A834938}.Debug|x64.ActiveCfg = Debug|iPhone
		{CED4F279-B7F5-4218-91B1-0D838A834938}.Debug|x64.Build.0 = Debug|iPhone
		{CED4F279-B7F5-4218-91B1-0D838A834938}.Debug|x64.Deploy.0 = Debug|iPhone
		{CED4F279-B7F5-4218-91B1-0D838A834938}.Debug|x86.ActiveCfg = Debug|iPhone
		{CED4F279-B7F5-4218-91B1-0D838A834938}.Debug|x86.Build.0 = Debug|iPhone
		{CED4F279-B7F5-4218-91B1-0D838A834938}.Debug|x86.Deploy.0 = Debug|iPhone
		{CED4F279-B7F5-4218-91B1-0D838A834938}.Release|Any CPU.ActiveCfg = Release|iPhone
		{CED4F279-B7F5-4218-91B1-0D838A834938}.Release|Any CPU.Build.0 = Release|iPhone
		{CED4F279-B7F5-4218-91B1-0D838A834938}.Release|Any CPU.Deploy.0 = Release|iPhone
		{CED4F279-B7F5-4218-91B1-0D838A834938}.Release|ARM.ActiveCfg = Release|iPhone
		{CED4F279-B7F5-4218-91B1-0D838A834938}.Release|ARM.Build.0 = Release|iPhone
		{CED4F279-B7F5-4218-91B1-0D838A834938}.Release|ARM.Deploy.0 = Release|iPhone
		{CED4F279-B7F5-4218-91B1-0D838A834938}.Release|iPhone.ActiveCfg = Release|iPhone
		{CED4F279-B7F5-4218-91B1-0D838A834938}.Release|iPhone.Build.0 = Release|iPhone
		{CED4F279-B7F5-4218-91B1-0D838A834938}.Release|iPhone.Deploy.0 = Release|iPhone
		{CED4F279-B7F5-4218-91B1-0D838A834938}.Release|iPhoneSimulator.ActiveCfg = Release|iPhoneSimulator
		{CED4F279-B7F5-4218-91B1-0D838A834938}.Release|iPhoneSimulator.Build.0 = Release|iPhoneSimulator
		{CED4F279-B7F5-4218-91B1-0D838A834938}.Release|iPhoneSimulator.Deploy.0 = Release|iPhoneSimulator
		{CED4F279-B7F5-4218-91B1-0D838A834938}.Release|x64.ActiveCfg = Release|iPhone
		{CED4F279-B7F5-4218-91B1-0D838A834938}.Release|x64.Build.0 = Release|iPhone
		{CED4F279-B7F5-4218-91B1-0D838A834938}.Release|x64.Deploy.0 = Release|iPhone
		{CED4F279-B7F5-4218-91B1-0D838A834938}.Release|x86.ActiveCfg = Release|iPhone
		{CED4F279-B7F5-4218-91B1-0D838A834938}.Release|x86.Build.0 = Release|iPhone
		{CED4F279-B7F5-4218-91B1-0D838A834938}.Release|x86.Deploy.0 = Release|iPhone
		{C1034B91-7B15-48B3-8533-563300D0AA3D}.Ad-Hoc|Any CPU.ActiveCfg = Release|x86
		{C1034B91-7B15-48B3-8533-563300D0AA3D}.Ad-Hoc|Any CPU.Build.0 = Release|x86
		{C1034B91-7B15-48B3-8533-563300D0AA3D}.Ad-Hoc|Any CPU.Deploy.0 = Release|x86
		{C1034B91-7B15-48B3-8533-563300D0AA3D}.Ad-Hoc|ARM.ActiveCfg = Release|ARM
		{C1034B91-7B15-48B3-8533-563300D0AA3D}.Ad-Hoc|ARM.Build.0 = Release|ARM
		{C1034B91-7B15-48B3-8533-563300D0AA3D}.Ad-Hoc|ARM.Deploy.0 = Release|ARM
		{C1034B91-7B15-48B3-8533-563300D0AA3D}.Ad-Hoc|iPhone.ActiveCfg = Release|x86
		{C1034B91-7B15-48B3-8533-563300D0AA3D}.Ad-Hoc|iPhone.Build.0 = Release|x86
		{C1034B91-7B15-48B3-8533-563300D0AA3D}.Ad-Hoc|iPhone.Deploy.0 = Release|x86
		{C1034B91-7B15-48B3-8533-563300D0AA3D}.Ad-Hoc|iPhoneSimulator.ActiveCfg = Release|x86
		{C1034B91-7B15-48B3-8533-563300D0AA3D}.Ad-Hoc|iPhoneSimulator.Build.0 = Release|x86
		{C1034B91-7B15-48B3-8533-563300D0AA3D}.Ad-Hoc|iPhoneSimulator.Deploy.0 = Release|x86
		{C1034B91-7B15-48B3-8533-563300D0AA3D}.Ad-Hoc|x64.ActiveCfg = Release|x64
		{C1034B91-7B15-48B3-8533-563300D0AA3D}.Ad-Hoc|x64.Build.0 = Release|x64
		{C1034B91-7B15-48B3-8533-563300D0AA3D}.Ad-Hoc|x64.Deploy.0 = Release|x64
		{C1034B91-7B15-48B3-8533-563300D0AA3D}.Ad-Hoc|x86.ActiveCfg = Release|x86
		{C1034B91-7B15-48B3-8533-563300D0AA3D}.Ad-Hoc|x86.Build.0 = Release|x86
		{C1034B91-7B15-48B3-8533-563300D0AA3D}.Ad-Hoc|x86.Deploy.0 = Release|x86
		{C1034B91-7B15-48B3-8533-563300D0AA3D}.AppStore|Any CPU.ActiveCfg = Release|x86
		{C1034B91-7B15-48B3-8533-563300D0AA3D}.AppStore|Any CPU.Build.0 = Release|x86
		{C1034B91-7B15-48B3-8533-563300D0AA3D}.AppStore|Any CPU.Deploy.0 = Release|x86
		{C1034B91-7B15-48B3-8533-563300D0AA3D}.AppStore|ARM.ActiveCfg = Release|ARM
		{C1034B91-7B15-48B3-8533-563300D0AA3D}.AppStore|ARM.Build.0 = Release|ARM
		{C1034B91-7B15-48B3-8533-563300D0AA3D}.AppStore|ARM.Deploy.0 = Release|ARM
		{C1034B91-7B15-48B3-8533-563300D0AA3D}.AppStore|iPhone.ActiveCfg = Release|x86
		{C1034B91-7B15-48B3-8533-563300D0AA3D}.AppStore|iPhone.Build.0 = Release|x86
		{C1034B91-7B15-48B3-8533-563300D0AA3D}.AppStore|iPhone.Deploy.0 = Release|x86
		{C1034B91-7B15-48B3-8533-563300D0AA3D}.AppStore|iPhoneSimulator.ActiveCfg = Release|x86
		{C1034B91-7B15-48B3-8533-563300D0AA3D}.AppStore|iPhoneSimulator.Build.0 = Release|x86
		{C1034B91-7B15-48B3-8533-563300D0AA3D}.AppStore|iPhoneSimulator.Deploy.0 = Release|x86
		{C1034B91-7B15-48B3-8533-563300D0AA3D}.AppStore|x64.ActiveCfg = Release|x64
		{C1034B91-7B15-48B3-8533-563300D0AA3D}.AppStore|x64.Build.0 = Release|x64
		{C1034B91-7B15-48B3-8533-563300D0AA3D}.AppStore|x64.Deploy.0 = Release|x64
		{C1034B91-7B15-48B3-8533-563300D0AA3D}.AppStore|x86.ActiveCfg = Release|x86
		{C1034B91-7B15-48B3-8533-563300D0AA3D}.AppStore|x86.Build.0 = Release|x86
		{C1034B91-7B15-48B3-8533-563300D0AA3D}.AppStore|x86.Deploy.0 = Release|x86
		{C1034B91-7B15-48B3-8533-563300D0AA3D}.Debug|Any CPU.ActiveCfg = Debug|x86
		{C1034B91-7B15-48B3-8533-563300D0AA3D}.Debug|Any CPU.Build.0 = Debug|x86
		{C1034B91-7B15-48B3-8533-563300D0AA3D}.Debug|Any CPU.Deploy.0 = Debug|x86
		{C1034B91-7B15-48B3-8533-563300D0AA3D}.Debug|ARM.ActiveCfg = Debug|ARM
		{C1034B91-7B15-48B3-8533-563300D0AA3D}.Debug|ARM.Build.0 = Debug|ARM
		{C1034B91-7B15-48B3-8533-563300D0AA3D}.Debug|ARM.Deploy.0 = Debug|ARM
		{C1034B91-7B15-48B3-8533-563300D0AA3D}.Debug|iPhone.ActiveCfg = Debug|x86
		{C1034B91-7B15-48B3-8533-563300D0AA3D}.Debug|iPhone.Build.0 = Debug|x86
		{C1034B91-7B15-48B3-8533-563300D0AA3D}.Debug|iPhone.Deploy.0 = Debug|x86
		{C1034B91-7B15-48B3-8533-563300D0AA3D}.Debug|iPhoneSimulator.ActiveCfg = Debug|x86
		{C1034B91-7B15-48B3-8533-563300D0AA3D}.Debug|iPhoneSimulator.Build.0 = Debug|x86
		{C1034B91-7B15-48B3-8533-563300D0AA3D}.Debug|iPhoneSimulator.Deploy.0 = Debug|x86
		{C1034B91-7B15-48B3-8533-563300D0AA3D}.Debug|x64.ActiveCfg = Debug|x64
		{C1034B91-7B15-48B3-8533-563300D0AA3D}.Debug|x64.Build.0 = Debug|x64
		{C1034B91-7B15-48B3-8533-563300D0AA3D}.Debug|x64.Deploy.0 = Debug|x64
		{C1034B91-7B15-48B3-8533-563300D0AA3D}.Debug|x86.ActiveCfg = Debug|x86
		{C1034B91-7B15-48B3-8533-563300D0AA3D}.Debug|x86.Build.0 = Debug|x86
		{C1034B91-7B15-48B3-8533-563300D0AA3D}.Debug|x86.Deploy.0 = Debug|x86
		{C1034B91-7B15-48B3-8533-563300D0AA3D}.Release|Any CPU.ActiveCfg = Release|x86
		{C1034B91-7B15-48B3-8533-563300D0AA3D}.Release|Any CPU.Build.0 = Release|x86
		{C1034B91-7B15-48B3-8533-563300D0AA3D}.Release|Any CPU.Deploy.0 = Release|x86
		{C1034B91-7B15-48B3-8533-563300D0AA3D}.Release|ARM.ActiveCfg = Release|ARM
		{C1034B91-7B15-48B3-8533-563300D0AA3D}.Release|ARM.Build.0 = Release|ARM
		{C1034B91-7B15-48B3-8533-563300D0AA3D}.Release|ARM.Deploy.0 = Release|ARM
		{C1034B91-7B15-48B3-8533-563300D0AA3D}.Release|iPhone.ActiveCfg = Release|x86
		{C1034B91-7B15-48B3-8533-563300D0AA3D}.Release|iPhone.Build.0 = Release|x86
		{C1034B91-7B15-48B3-8533-563300D0AA3D}.Release|iPhone.Deploy.0 = Release|x86
		{C1034B91-7B15-48B3-8533-563300D0AA3D}.Release|iPhoneSimulator.ActiveCfg = Release|x86
		{C1034B91-7B15-48B3-8533-563300D0AA3D}.Release|iPhoneSimulator.Build.0 = Release|x86
		{C1034B91-7B15-48B3-8533-563300D0AA3D}.Release|iPhoneSimulator.Deploy.0 = Release|x86
		{C1034B91-7B15-48B3-8533-563300D0AA3D}.Release|x64.ActiveCfg = Release|x64
		{C1034B91-7B15-48B3-8533-563300D0AA3D}.Release|x64.Build.0 = Release|x64
		{C1034B91-7B15-48B3-8533-563300D0AA3D}.Release|x64.Deploy.0 = Release|x64
		{C1034B91-7B15-48B3-8533-563300D0AA3D}.Release|x86.ActiveCfg = Release|x86
		{C1034B91-7B15-48B3-8533-563300D0AA3D}.Release|x86.Build.0 = Release|x86
		{C1034B91-7B15-48B3-8533-563300D0AA3D}.Release|x86.Deploy.0 = Release|x86
		{FD34CA4E-5ED5-4770-9D5C-650F4FD62EC6}.Ad-Hoc|Any CPU.ActiveCfg = Debug|Any CPU
		{FD34CA4E-5ED5-4770-9D5C-650F4FD62EC6}.Ad-Hoc|Any CPU.Build.0 = Debug|Any CPU
		{FD34CA4E-5ED5-4770-9D5C-650F4FD62EC6}.Ad-Hoc|Any CPU.Deploy.0 = Debug|Any CPU
		{FD34CA4E-5ED5-4770-9D5C-650F4FD62EC6}.Ad-Hoc|ARM.ActiveCfg = Debug|Any CPU
		{FD34CA4E-5ED5-4770-9D5C-650F4FD62EC6}.Ad-Hoc|ARM.Build.0 = Debug|Any CPU
		{FD34CA4E-5ED5-4770-9D5C-650F4FD62EC6}.Ad-Hoc|ARM.Deploy.0 = Debug|Any CPU
		{FD34CA4E-5ED5-4770-9D5C-650F4FD62EC6}.Ad-Hoc|iPhone.ActiveCfg = Debug|Any CPU
		{FD34CA4E-5ED5-4770-9D5C-650F4FD62EC6}.Ad-Hoc|iPhone.Build.0 = Debug|Any CPU
		{FD34CA4E-5ED5-4770-9D5C-650F4FD62EC6}.Ad-Hoc|iPhone.Deploy.0 = Debug|Any CPU
		{FD34CA4E-5ED5-4770-9D5C-650F4FD62EC6}.Ad-Hoc|iPhoneSimulator.ActiveCfg = Debug|Any CPU
		{FD34CA4E-5ED5-4770-9D5C-650F4FD62EC6}.Ad-Hoc|iPhoneSimulator.Build.0 = Debug|Any CPU
		{FD34CA4E-5ED5-4770-9D5C-650F4FD62EC6}.Ad-Hoc|iPhoneSimulator.Deploy.0 = Debug|Any CPU
		{FD34CA4E-5ED5-4770-9D5C-650F4FD62EC6}.Ad-Hoc|x64.ActiveCfg = Debug|Any CPU
		{FD34CA4E-5ED5-4770-9D5C-650F4FD62EC6}.Ad-Hoc|x64.Build.0 = Debug|Any CPU
		{FD34CA4E-5ED5-4770-9D5C-650F4FD62EC6}.Ad-Hoc|x64.Deploy.0 = Debug|Any CPU
		{FD34CA4E-5ED5-4770-9D5C-650F4FD62EC6}.Ad-Hoc|x86.ActiveCfg = Debug|Any CPU
		{FD34CA4E-5ED5-4770-9D5C-650F4FD62EC6}.Ad-Hoc|x86.Build.0 = Debug|Any CPU
		{FD34CA4E-5ED5-4770-9D5C-650F4FD62EC6}.Ad-Hoc|x86.Deploy.0 = Debug|Any CPU
		{FD34CA4E-5ED5-4770-9D5C-650F4FD62EC6}.AppStore|Any CPU.ActiveCfg = Debug|Any CPU
		{FD34CA4E-5ED5-4770-9D5C-650F4FD62EC6}.AppStore|Any CPU.Build.0 = Debug|Any CPU
		{FD34CA4E-5ED5-4770-9D5C-650F4FD62EC6}.AppStore|Any CPU.Deploy.0 = Debug|Any CPU
		{FD34CA4E-5ED5-4770-9D5C-650F4FD62EC6}.AppStore|ARM.ActiveCfg = Debug|Any CPU
		{FD34CA4E-5ED5-4770-9D5C-650F4FD62EC6}.AppStore|ARM.Build.0 = Debug|Any CPU
		{FD34CA4E-5ED5-4770-9D5C-650F4FD62EC6}.AppStore|ARM.Deploy.0 = Debug|Any CPU
		{FD34CA4E-5ED5-4770-9D5C-650F4FD62EC6}.AppStore|iPhone.ActiveCfg = Debug|Any CPU
		{FD34CA4E-5ED5-4770-9D5C-650F4FD62EC6}.AppStore|iPhone.Build.0 = Debug|Any CPU
		{FD34CA4E-5ED5-4770-9D5C-650F4FD62EC6}.AppStore|iPhone.Deploy.0 = Debug|Any CPU
		{FD34CA4E-5ED5-4770-9D5C-650F4FD62EC6}.AppStore|iPhoneSimulator.ActiveCfg = Debug|Any CPU
		{FD34CA4E-5ED5-4770-9D5C-650F4FD62EC6}.AppStore|iPhoneSimulator.Build.0 = Debug|Any CPU
		{FD34CA4E-5ED5-4770-9D5C-650F4FD62EC6}.AppStore|iPhoneSimulator.Deploy.0 = Debug|Any CPU
		{FD34CA4E-5ED5-4770-9D5C-650F4FD62EC6}.AppStore|x64.ActiveCfg = Debug|Any CPU
		{FD34CA4E-5ED5-4770-9D5C-650F4FD62EC6}.AppStore|x64.Build.0 = Debug|Any CPU
		{FD34CA4E-5ED5-4770-9D5C-650F4FD62EC6}.AppStore|x64.Deploy.0 = Debug|Any CPU
		{FD34CA4E-5ED5-4770-9D5C-650F4FD62EC6}.AppStore|x86.ActiveCfg = Debug|Any CPU
		{FD34CA4E-5ED5-4770-9D5C-650F4FD62EC6}.AppStore|x86.Build.0 = Debug|Any CPU
		{FD34CA4E-5ED5-4770-9D5C-650F4FD62EC6}.AppStore|x86.Deploy.0 = Debug|Any CPU
		{FD34CA4E-5ED5-4770-9D5C-650F4FD62EC6}.Debug|Any CPU.ActiveCfg = Debug|Any CPU
		{FD34CA4E-5ED5-4770-9D5C-650F4FD62EC6}.Debug|Any CPU.Build.0 = Debug|Any CPU
		{FD34CA4E-5ED5-4770-9D5C-650F4FD62EC6}.Debug|Any CPU.Deploy.0 = Debug|Any CPU
		{FD34CA4E-5ED5-4770-9D5C-650F4FD62EC6}.Debug|ARM.ActiveCfg = Debug|Any CPU
		{FD34CA4E-5ED5-4770-9D5C-650F4FD62EC6}.Debug|ARM.Build.0 = Debug|Any CPU
		{FD34CA4E-5ED5-4770-9D5C-650F4FD62EC6}.Debug|ARM.Deploy.0 = Debug|Any CPU
		{FD34CA4E-5ED5-4770-9D5C-650F4FD62EC6}.Debug|iPhone.ActiveCfg = Debug|Any CPU
		{FD34CA4E-5ED5-4770-9D5C-650F4FD62EC6}.Debug|iPhone.Build.0 = Debug|Any CPU
		{FD34CA4E-5ED5-4770-9D5C-650F4FD62EC6}.Debug|iPhone.Deploy.0 = Debug|Any CPU
		{FD34CA4E-5ED5-4770-9D5C-650F4FD62EC6}.Debug|iPhoneSimulator.ActiveCfg = Debug|Any CPU
		{FD34CA4E-5ED5-4770-9D5C-650F4FD62EC6}.Debug|iPhoneSimulator.Build.0 = Debug|Any CPU
		{FD34CA4E-5ED5-4770-9D5C-650F4FD62EC6}.Debug|iPhoneSimulator.Deploy.0 = Debug|Any CPU
		{FD34CA4E-5ED5-4770-9D5C-650F4FD62EC6}.Debug|x64.ActiveCfg = Debug|Any CPU
		{FD34CA4E-5ED5-4770-9D5C-650F4FD62EC6}.Debug|x64.Build.0 = Debug|Any CPU
		{FD34CA4E-5ED5-4770-9D5C-650F4FD62EC6}.Debug|x64.Deploy.0 = Debug|Any CPU
		{FD34CA4E-5ED5-4770-9D5C-650F4FD62EC6}.Debug|x86.ActiveCfg = Debug|Any CPU
		{FD34CA4E-5ED5-4770-9D5C-650F4FD62EC6}.Debug|x86.Build.0 = Debug|Any CPU
		{FD34CA4E-5ED5-4770-9D5C-650F4FD62EC6}.Debug|x86.Deploy.0 = Debug|Any CPU
		{FD34CA4E-5ED5-4770-9D5C-650F4FD62EC6}.Release|Any CPU.ActiveCfg = Release|Any CPU
		{FD34CA4E-5ED5-4770-9D5C-650F4FD62EC6}.Release|Any CPU.Build.0 = Release|Any CPU
		{FD34CA4E-5ED5-4770-9D5C-650F4FD62EC6}.Release|Any CPU.Deploy.0 = Release|Any CPU
		{FD34CA4E-5ED5-4770-9D5C-650F4FD62EC6}.Release|ARM.ActiveCfg = Release|Any CPU
		{FD34CA4E-5ED5-4770-9D5C-650F4FD62EC6}.Release|ARM.Build.0 = Release|Any CPU
		{FD34CA4E-5ED5-4770-9D5C-650F4FD62EC6}.Release|ARM.Deploy.0 = Release|Any CPU
		{FD34CA4E-5ED5-4770-9D5C-650F4FD62EC6}.Release|iPhone.ActiveCfg = Release|Any CPU
		{FD34CA4E-5ED5-4770-9D5C-650F4FD62EC6}.Release|iPhone.Build.0 = Release|Any CPU
		{FD34CA4E-5ED5-4770-9D5C-650F4FD62EC6}.Release|iPhone.Deploy.0 = Release|Any CPU
		{FD34CA4E-5ED5-4770-9D5C-650F4FD62EC6}.Release|iPhoneSimulator.ActiveCfg = Release|Any CPU
		{FD34CA4E-5ED5-4770-9D5C-650F4FD62EC6}.Release|iPhoneSimulator.Build.0 = Release|Any CPU
		{FD34CA4E-5ED5-4770-9D5C-650F4FD62EC6}.Release|iPhoneSimulator.Deploy.0 = Release|Any CPU
		{FD34CA4E-5ED5-4770-9D5C-650F4FD62EC6}.Release|x64.ActiveCfg = Release|Any CPU
		{FD34CA4E-5ED5-4770-9D5C-650F4FD62EC6}.Release|x64.Build.0 = Release|Any CPU
		{FD34CA4E-5ED5-4770-9D5C-650F4FD62EC6}.Release|x64.Deploy.0 = Release|Any CPU
		{FD34CA4E-5ED5-4770-9D5C-650F4FD62EC6}.Release|x86.ActiveCfg = Release|Any CPU
		{FD34CA4E-5ED5-4770-9D5C-650F4FD62EC6}.Release|x86.Build.0 = Release|Any CPU
		{FD34CA4E-5ED5-4770-9D5C-650F4FD62EC6}.Release|x86.Deploy.0 = Release|Any CPU
	EndGlobalSection
	GlobalSection(SolutionProperties) = preSolution
		HideSolutionNode = FALSE
	EndGlobalSection
	GlobalSection(ExtensibilityGlobals) = postSolution
		SolutionGuid = {09DFEB2A-605E-4FEE-B309-B0AF673CD989}
	EndGlobalSection
EndGlobal
